// !$*UTF8*$!
{
	archiveVersion = 1;
	classes = {
	};
	objectVersion = 50;
	objects = {

/* Begin PBXBuildFile section */
		4A14CC0625CB903F00D29412 /* ModelPresentVC.m in Sources */ = {isa = PBXBuildFile; fileRef = 4A14CC0525CB903F00D29412 /* ModelPresentVC.m */; };
		4A294DA6262E7F350038B11B /* OneVC.m in Sources */ = {isa = PBXBuildFile; fileRef = 4A294DA5262E7F350038B11B /* OneVC.m */; };
		4A294DAB262E7F420038B11B /* TwoVC.m in Sources */ = {isa = PBXBuildFile; fileRef = 4A294DAA262E7F420038B11B /* TwoVC.m */; };
		4A294DAF262E7F630038B11B /* ThreeVC.m in Sources */ = {isa = PBXBuildFile; fileRef = 4A294DAE262E7F630038B11B /* ThreeVC.m */; };
		4A480A9E26565BB3003E13AF /* CompareFloat.m in Sources */ = {isa = PBXBuildFile; fileRef = 4A480A9D26565BB3003E13AF /* CompareFloat.m */; };
		4A480AA82657885F003E13AF /* MoreAlertVC.m in Sources */ = {isa = PBXBuildFile; fileRef = 4A480AA72657885F003E13AF /* MoreAlertVC.m */; };
		4A480AAD265789EA003E13AF /* MoreAlertController.m in Sources */ = {isa = PBXBuildFile; fileRef = 4A480AAC265789EA003E13AF /* MoreAlertController.m */; };
		4A54BCD325C3E8C4000BA17B /* ForbidCatchScreenVC.m in Sources */ = {isa = PBXBuildFile; fileRef = 4A54BCD225C3E8C4000BA17B /* ForbidCatchScreenVC.m */; };
		4A64C233257E5FE400C4C5F5 /* AppDelegate.m in Sources */ = {isa = PBXBuildFile; fileRef = 4A64C232257E5FE400C4C5F5 /* AppDelegate.m */; };
		4A64C239257E5FE400C4C5F5 /* ViewController.m in Sources */ = {isa = PBXBuildFile; fileRef = 4A64C238257E5FE400C4C5F5 /* ViewController.m */; };
		4A64C23C257E5FE400C4C5F5 /* Main.storyboard in Resources */ = {isa = PBXBuildFile; fileRef = 4A64C23A257E5FE400C4C5F5 /* Main.storyboard */; };
		4A64C23E257E5FE800C4C5F5 /* Assets.xcassets in Resources */ = {isa = PBXBuildFile; fileRef = 4A64C23D257E5FE800C4C5F5 /* Assets.xcassets */; };
		4A64C241257E5FE800C4C5F5 /* LaunchScreen.storyboard in Resources */ = {isa = PBXBuildFile; fileRef = 4A64C23F257E5FE800C4C5F5 /* LaunchScreen.storyboard */; };
		4A64C244257E5FE800C4C5F5 /* main.m in Sources */ = {isa = PBXBuildFile; fileRef = 4A64C243257E5FE800C4C5F5 /* main.m */; };
		4A726CF3266613760024010A /* ScrollViewVC.m in Sources */ = {isa = PBXBuildFile; fileRef = 4A726CF2266613760024010A /* ScrollViewVC.m */; };
		4A7CCD11258E2F3E00324B41 /* LaunchVC.m in Sources */ = {isa = PBXBuildFile; fileRef = 4A7CCD10258E2F3E00324B41 /* LaunchVC.m */; };
		4A7CCE7D259227E900324B41 /* FunctionVC.m in Sources */ = {isa = PBXBuildFile; fileRef = 4A7CCE7C259227E900324B41 /* FunctionVC.m */; };
		4A7CCE812592280D00324B41 /* FrameworkVC.m in Sources */ = {isa = PBXBuildFile; fileRef = 4A7CCE802592280D00324B41 /* FrameworkVC.m */; };
		4A7CCE842592282500324B41 /* Performance.m in Sources */ = {isa = PBXBuildFile; fileRef = 4A7CCE832592282500324B41 /* Performance.m */; };
		4A7CCE91259228C900324B41 /* menu_0@3x.png in Resources */ = {isa = PBXBuildFile; fileRef = 4A7CCE85259228C800324B41 /* menu_0@3x.png */; };
		4A7CCE92259228C900324B41 /* menu_1_sel@3x.png in Resources */ = {isa = PBXBuildFile; fileRef = 4A7CCE86259228C800324B41 /* menu_1_sel@3x.png */; };
		4A7CCE93259228C900324B41 /* menu_0_sel@3x.png in Resources */ = {isa = PBXBuildFile; fileRef = 4A7CCE87259228C800324B41 /* menu_0_sel@3x.png */; };
		4A7CCE94259228C900324B41 /* menu_2@2x.png in Resources */ = {isa = PBXBuildFile; fileRef = 4A7CCE88259228C800324B41 /* menu_2@2x.png */; };
		4A7CCE95259228C900324B41 /* menu_1@2x.png in Resources */ = {isa = PBXBuildFile; fileRef = 4A7CCE89259228C800324B41 /* menu_1@2x.png */; };
		4A7CCE96259228C900324B41 /* menu_2@3x.png in Resources */ = {isa = PBXBuildFile; fileRef = 4A7CCE8A259228C900324B41 /* menu_2@3x.png */; };
		4A7CCE97259228C900324B41 /* menu_0@2x.png in Resources */ = {isa = PBXBuildFile; fileRef = 4A7CCE8B259228C900324B41 /* menu_0@2x.png */; };
		4A7CCE98259228C900324B41 /* menu_1_sel@2x.png in Resources */ = {isa = PBXBuildFile; fileRef = 4A7CCE8C259228C900324B41 /* menu_1_sel@2x.png */; };
		4A7CCE99259228C900324B41 /* menu_1@3x.png in Resources */ = {isa = PBXBuildFile; fileRef = 4A7CCE8D259228C900324B41 /* menu_1@3x.png */; };
		4A7CCE9A259228C900324B41 /* menu_2_sel@2x.png in Resources */ = {isa = PBXBuildFile; fileRef = 4A7CCE8E259228C900324B41 /* menu_2_sel@2x.png */; };
		4A7CCE9B259228C900324B41 /* menu_0_sel@2x.png in Resources */ = {isa = PBXBuildFile; fileRef = 4A7CCE8F259228C900324B41 /* menu_0_sel@2x.png */; };
		4A7CCE9C259228C900324B41 /* menu_2_sel@3x.png in Resources */ = {isa = PBXBuildFile; fileRef = 4A7CCE90259228C900324B41 /* menu_2_sel@3x.png */; };
		4A7F3063261ED9C40055D9DE /* RunloopVC.m in Sources */ = {isa = PBXBuildFile; fileRef = 4A7F3062261ED9C40055D9DE /* RunloopVC.m */; };
		4A7F3068261EDB9C0055D9DE /* TableRunLoopCell.m in Sources */ = {isa = PBXBuildFile; fileRef = 4A7F3067261EDB9C0055D9DE /* TableRunLoopCell.m */; };
		4A862B4A265A824E003096D6 /* Child_TwoVC.m in Sources */ = {isa = PBXBuildFile; fileRef = 4A862B49265A824E003096D6 /* Child_TwoVC.m */; };
		4A941C252625393D007DD0E6 /* RunLoopFunctionVC.m in Sources */ = {isa = PBXBuildFile; fileRef = 4A941C242625393D007DD0E6 /* RunLoopFunctionVC.m */; };
		4A950ED325BE9D200046CD46 /* PublicMethodManager.m in Sources */ = {isa = PBXBuildFile; fileRef = 4A950ED225BE9D200046CD46 /* PublicMethodManager.m */; };
		4A95B5982658FEBC00B7C001 /* gdicon.svg in Resources */ = {isa = PBXBuildFile; fileRef = 4A95B5972658FEBC00B7C001 /* gdicon.svg */; };
		4A95B59C265A0C5100B7C001 /* AddChildVC.m in Sources */ = {isa = PBXBuildFile; fileRef = 4A95B59B265A0C5100B7C001 /* AddChildVC.m */; };
		4A95B5A1265A0E7D00B7C001 /* Child_OneVC.m in Sources */ = {isa = PBXBuildFile; fileRef = 4A95B5A0265A0E7D00B7C001 /* Child_OneVC.m */; };
		4A9848C1265F3538004B4C56 /* TemplateTableViewVC.m in Sources */ = {isa = PBXBuildFile; fileRef = 4A9848C0265F3538004B4C56 /* TemplateTableViewVC.m */; };
		4A9848D32660C4F9004B4C56 /* UIFont+AutormaticFont.m in Sources */ = {isa = PBXBuildFile; fileRef = 4A9848D22660C4F9004B4C56 /* UIFont+AutormaticFont.m */; };
		4A9848E82662250A004B4C56 /* LoadSVGVC.m in Sources */ = {isa = PBXBuildFile; fileRef = 4A9848E72662250A004B4C56 /* LoadSVGVC.m */; };
		4A9848EC26624949004B4C56 /* svg1.svg in Resources */ = {isa = PBXBuildFile; fileRef = 4A9848EB26624949004B4C56 /* svg1.svg */; };
		4A98CC252610A3440047EB7F /* BlockVC.m in Sources */ = {isa = PBXBuildFile; fileRef = 4A98CC242610A3440047EB7F /* BlockVC.m */; };
		4A98CC2A2610B8E70047EB7F /* BlockMode.m in Sources */ = {isa = PBXBuildFile; fileRef = 4A98CC292610B8E70047EB7F /* BlockMode.m */; };
		4A9D4F6A2652130F00F9A944 /* Carsh.m in Sources */ = {isa = PBXBuildFile; fileRef = 4A9D4F692652130F00F9A944 /* Carsh.m */; };
		4ABD797D266DB2FB00C63EB3 /* BaseNavViewController.m in Sources */ = {isa = PBXBuildFile; fileRef = 4ABD797C266DB2FB00C63EB3 /* BaseNavViewController.m */; };
		4AC3768625FF09CA00026C69 /* StringChageType.m in Sources */ = {isa = PBXBuildFile; fileRef = 4AC3768525FF09CA00026C69 /* StringChageType.m */; };
		4AC3768C25FF376500026C69 /* DLKWebViewVC.m in Sources */ = {isa = PBXBuildFile; fileRef = 4AC3768B25FF376500026C69 /* DLKWebViewVC.m */; };
		4AC37703260201F800026C69 /* GCDVC.m in Sources */ = {isa = PBXBuildFile; fileRef = 4AC37702260201F800026C69 /* GCDVC.m */; };
		4AC81DBC26734DFF005A298E /* TimerVC.m in Sources */ = {isa = PBXBuildFile; fileRef = 4AC81DBB26734DFF005A298E /* TimerVC.m */; };
		4AC81DC026735D35005A298E /* NSURLSession+Proxy.m in Sources */ = {isa = PBXBuildFile; fileRef = 4AC81DBF26735D35005A298E /* NSURLSession+Proxy.m */; };
		4AD6C1B525E0B8F90048A9CC /* BaseViewController.m in Sources */ = {isa = PBXBuildFile; fileRef = 4AD6C1B425E0B8F90048A9CC /* BaseViewController.m */; };
		4AD6C1BC25E0DE3B0048A9CC /* ModelLanscapeLeftVC.m in Sources */ = {isa = PBXBuildFile; fileRef = 4AD6C1BB25E0DE3B0048A9CC /* ModelLanscapeLeftVC.m */; };
		4AD6C1C225E3DFEC0048A9CC /* CalendarsNotifVC.m in Sources */ = {isa = PBXBuildFile; fileRef = 4AD6C1C125E3DFEC0048A9CC /* CalendarsNotifVC.m */; };
		4ADE799C25BAC5A7004F0EBB /* DeviceOrientation.m in Sources */ = {isa = PBXBuildFile; fileRef = 4ADE799B25BAC5A7004F0EBB /* DeviceOrientation.m */; };
		4AE006F225BFA4B5001300EC /* LandscapeLeftVC.m in Sources */ = {isa = PBXBuildFile; fileRef = 4AE006F125BFA4B5001300EC /* LandscapeLeftVC.m */; };
		4AE2C5C625BE5815003ED184 /* TransitionAnimate.m in Sources */ = {isa = PBXBuildFile; fileRef = 4AE2C5C525BE5815003ED184 /* TransitionAnimate.m */; };
		4AE5F9B92678458600361F71 /* TimerModel.m in Sources */ = {isa = PBXBuildFile; fileRef = 4AE5F9B82678458600361F71 /* TimerModel.m */; };
		4AE5F9D026799D2100361F71 /* ProtocolVC.m in Sources */ = {isa = PBXBuildFile; fileRef = 4AE5F9CF26799D2100361F71 /* ProtocolVC.m */; };
		4AE5F9D52679A65400361F71 /* ProtocolCell.m in Sources */ = {isa = PBXBuildFile; fileRef = 4AE5F9D42679A65400361F71 /* ProtocolCell.m */; };
		4AE5FA65267AEDB100361F71 /* TimerVC+invarcatFunction.m in Sources */ = {isa = PBXBuildFile; fileRef = 4AE5FA64267AEDB100361F71 /* TimerVC+invarcatFunction.m */; };
		4AE5FA6D267B39CC00361F71 /* UIView+touch.m in Sources */ = {isa = PBXBuildFile; fileRef = 4AE5FA6C267B39CC00361F71 /* UIView+touch.m */; };
		4AE5FA71267B466E00361F71 /* timerView.m in Sources */ = {isa = PBXBuildFile; fileRef = 4AE5FA70267B466E00361F71 /* timerView.m */; };
		4AE77FF726330619008810E5 /* index.html in Resources */ = {isa = PBXBuildFile; fileRef = 4AE77FF626330619008810E5 /* index.html */; };
		4AEFF71A260D7550005771D0 /* ProjectResourceManager.m in Sources */ = {isa = PBXBuildFile; fileRef = 4AEFF719260D7550005771D0 /* ProjectResourceManager.m */; };
		4AEFF71F260D7EA4005771D0 /* ProjectResourceModel.m in Sources */ = {isa = PBXBuildFile; fileRef = 4AEFF71E260D7EA4005771D0 /* ProjectResourceModel.m */; };
		4AEFF723260D7ED8005771D0 /* ProjectResourceViewModel.m in Sources */ = {isa = PBXBuildFile; fileRef = 4AEFF722260D7ED8005771D0 /* ProjectResourceViewModel.m */; };
		4AEFF727260D7FC9005771D0 /* ProjectResourceView.m in Sources */ = {isa = PBXBuildFile; fileRef = 4AEFF726260D7FC9005771D0 /* ProjectResourceView.m */; };
		4AF53E7A266F575800FACA28 /* ProxyStatus.m in Sources */ = {isa = PBXBuildFile; fileRef = 4AF53E79266F575800FACA28 /* ProxyStatus.m */; settings = {COMPILER_FLAGS = "-fno-objc-arc"; }; };
		4AF53EAB26709ACD00FACA28 /* SplitViewController.m in Sources */ = {isa = PBXBuildFile; fileRef = 4AF53EAA26709ACD00FACA28 /* SplitViewController.m */; };
		4AF53EB62670A09C00FACA28 /* MasterVC.m in Sources */ = {isa = PBXBuildFile; fileRef = 4AF53EB52670A09C00FACA28 /* MasterVC.m */; };
		4AF53EBA2670A0B400FACA28 /* DetailVC.m in Sources */ = {isa = PBXBuildFile; fileRef = 4AF53EB92670A0B400FACA28 /* DetailVC.m */; };
		4AF53EC42670BA4E00FACA28 /* NSTimer+HeapLeak.m in Sources */ = {isa = PBXBuildFile; fileRef = 4AF53EC32670BA4E00FACA28 /* NSTimer+HeapLeak.m */; };
		C13826F8FEF65A0AF219020C /* libPods-BaseProject.a in Frameworks */ = {isa = PBXBuildFile; fileRef = 661437ADCE0B7FEFA75CC2BF /* libPods-BaseProject.a */; };
		FC0D5D75263998EF00509E71 /* RunTimeVC.m in Sources */ = {isa = PBXBuildFile; fileRef = FC0D5D74263998EF00509E71 /* RunTimeVC.m */; };
		FC142D4A25F65A8D00D8765F /* StringToUnicode.m in Sources */ = {isa = PBXBuildFile; fileRef = FC142D4925F65A8D00D8765F /* StringToUnicode.m */; };
		FC5BD6AA2638445D000DF0B6 /* UserContent.js in Resources */ = {isa = PBXBuildFile; fileRef = FC5BD6A92638445D000DF0B6 /* UserContent.js */; };
		FC70CAB22645662D002ED5A8 /* PrivacyPolicyVC.m in Sources */ = {isa = PBXBuildFile; fileRef = FC70CAB12645662D002ED5A8 /* PrivacyPolicyVC.m */; };
		FCCC4CDD264AAA7600C0C554 /* UITableView+StabceImage.m in Sources */ = {isa = PBXBuildFile; fileRef = FCCC4CDC264AAA7600C0C554 /* UITableView+StabceImage.m */; };
		FCCC4CE2264AB4BC00C0C554 /* OneModel.m in Sources */ = {isa = PBXBuildFile; fileRef = FCCC4CE1264AB4BC00C0C554 /* OneModel.m */; };
		FCCC4CE6264AB4F900C0C554 /* TwoModel.m in Sources */ = {isa = PBXBuildFile; fileRef = FCCC4CE5264AB4F900C0C554 /* TwoModel.m */; };
		FCEA089E265BD79B000E238D /* TableStanceVC.m in Sources */ = {isa = PBXBuildFile; fileRef = FCEA089D265BD79B000E238D /* TableStanceVC.m */; };
		FCEA08A2265BD827000E238D /* TableStanceView.m in Sources */ = {isa = PBXBuildFile; fileRef = FCEA08A1265BD827000E238D /* TableStanceView.m */; };
		FCEA08A5265BDA0E000E238D /* load.gif in Resources */ = {isa = PBXBuildFile; fileRef = FCEA08A4265BDA0E000E238D /* load.gif */; };
		FCF4AFAC265D42830077B328 /* KVOModel.m in Sources */ = {isa = PBXBuildFile; fileRef = FCF4AFAB265D42830077B328 /* KVOModel.m */; };
/* End PBXBuildFile section */

/* Begin PBXFileReference section */
		4A14CC0425CB903F00D29412 /* ModelPresentVC.h */ = {isa = PBXFileReference; lastKnownFileType = sourcecode.c.h; path = ModelPresentVC.h; sourceTree = "<group>"; };
		4A14CC0525CB903F00D29412 /* ModelPresentVC.m */ = {isa = PBXFileReference; lastKnownFileType = sourcecode.c.objc; path = ModelPresentVC.m; sourceTree = "<group>"; };
		4A294DA4262E7F350038B11B /* OneVC.h */ = {isa = PBXFileReference; lastKnownFileType = sourcecode.c.h; path = OneVC.h; sourceTree = "<group>"; };
		4A294DA5262E7F350038B11B /* OneVC.m */ = {isa = PBXFileReference; lastKnownFileType = sourcecode.c.objc; path = OneVC.m; sourceTree = "<group>"; };
		4A294DA9262E7F420038B11B /* TwoVC.h */ = {isa = PBXFileReference; lastKnownFileType = sourcecode.c.h; path = TwoVC.h; sourceTree = "<group>"; };
		4A294DAA262E7F420038B11B /* TwoVC.m */ = {isa = PBXFileReference; lastKnownFileType = sourcecode.c.objc; path = TwoVC.m; sourceTree = "<group>"; };
		4A294DAD262E7F630038B11B /* ThreeVC.h */ = {isa = PBXFileReference; lastKnownFileType = sourcecode.c.h; path = ThreeVC.h; sourceTree = "<group>"; };
		4A294DAE262E7F630038B11B /* ThreeVC.m */ = {isa = PBXFileReference; lastKnownFileType = sourcecode.c.objc; path = ThreeVC.m; sourceTree = "<group>"; };
		4A480A9C26565BB3003E13AF /* CompareFloat.h */ = {isa = PBXFileReference; lastKnownFileType = sourcecode.c.h; path = CompareFloat.h; sourceTree = "<group>"; };
		4A480A9D26565BB3003E13AF /* CompareFloat.m */ = {isa = PBXFileReference; lastKnownFileType = sourcecode.c.objc; path = CompareFloat.m; sourceTree = "<group>"; };
		4A480AA62657885F003E13AF /* MoreAlertVC.h */ = {isa = PBXFileReference; lastKnownFileType = sourcecode.c.h; path = MoreAlertVC.h; sourceTree = "<group>"; };
		4A480AA72657885F003E13AF /* MoreAlertVC.m */ = {isa = PBXFileReference; lastKnownFileType = sourcecode.c.objc; path = MoreAlertVC.m; sourceTree = "<group>"; };
		4A480AAB265789EA003E13AF /* MoreAlertController.h */ = {isa = PBXFileReference; lastKnownFileType = sourcecode.c.h; path = MoreAlertController.h; sourceTree = "<group>"; };
		4A480AAC265789EA003E13AF /* MoreAlertController.m */ = {isa = PBXFileReference; lastKnownFileType = sourcecode.c.objc; path = MoreAlertController.m; sourceTree = "<group>"; };
		4A54BCD125C3E8C4000BA17B /* ForbidCatchScreenVC.h */ = {isa = PBXFileReference; lastKnownFileType = sourcecode.c.h; path = ForbidCatchScreenVC.h; sourceTree = "<group>"; };
		4A54BCD225C3E8C4000BA17B /* ForbidCatchScreenVC.m */ = {isa = PBXFileReference; lastKnownFileType = sourcecode.c.objc; path = ForbidCatchScreenVC.m; sourceTree = "<group>"; };
		4A64C22E257E5FE400C4C5F5 /* BaseProject.app */ = {isa = PBXFileReference; explicitFileType = wrapper.application; includeInIndex = 0; path = BaseProject.app; sourceTree = BUILT_PRODUCTS_DIR; };
		4A64C231257E5FE400C4C5F5 /* AppDelegate.h */ = {isa = PBXFileReference; lastKnownFileType = sourcecode.c.h; path = AppDelegate.h; sourceTree = "<group>"; };
		4A64C232257E5FE400C4C5F5 /* AppDelegate.m */ = {isa = PBXFileReference; lastKnownFileType = sourcecode.c.objc; path = AppDelegate.m; sourceTree = "<group>"; };
		4A64C237257E5FE400C4C5F5 /* ViewController.h */ = {isa = PBXFileReference; lastKnownFileType = sourcecode.c.h; path = ViewController.h; sourceTree = "<group>"; };
		4A64C238257E5FE400C4C5F5 /* ViewController.m */ = {isa = PBXFileReference; lastKnownFileType = sourcecode.c.objc; path = ViewController.m; sourceTree = "<group>"; };
		4A64C23B257E5FE400C4C5F5 /* Base */ = {isa = PBXFileReference; lastKnownFileType = file.storyboard; name = Base; path = Base.lproj/Main.storyboard; sourceTree = "<group>"; };
		4A64C23D257E5FE800C4C5F5 /* Assets.xcassets */ = {isa = PBXFileReference; lastKnownFileType = folder.assetcatalog; path = Assets.xcassets; sourceTree = "<group>"; };
		4A64C240257E5FE800C4C5F5 /* Base */ = {isa = PBXFileReference; lastKnownFileType = file.storyboard; name = Base; path = Base.lproj/LaunchScreen.storyboard; sourceTree = "<group>"; };
		4A64C242257E5FE800C4C5F5 /* Info.plist */ = {isa = PBXFileReference; lastKnownFileType = text.plist.xml; path = Info.plist; sourceTree = "<group>"; };
		4A64C243257E5FE800C4C5F5 /* main.m */ = {isa = PBXFileReference; lastKnownFileType = sourcecode.c.objc; path = main.m; sourceTree = "<group>"; };
		4A726CF1266613760024010A /* ScrollViewVC.h */ = {isa = PBXFileReference; lastKnownFileType = sourcecode.c.h; path = ScrollViewVC.h; sourceTree = "<group>"; };
		4A726CF2266613760024010A /* ScrollViewVC.m */ = {isa = PBXFileReference; lastKnownFileType = sourcecode.c.objc; path = ScrollViewVC.m; sourceTree = "<group>"; };
		4A7CCD0F258E2F3E00324B41 /* LaunchVC.h */ = {isa = PBXFileReference; lastKnownFileType = sourcecode.c.h; path = LaunchVC.h; sourceTree = "<group>"; };
		4A7CCD10258E2F3E00324B41 /* LaunchVC.m */ = {isa = PBXFileReference; lastKnownFileType = sourcecode.c.objc; path = LaunchVC.m; sourceTree = "<group>"; };
		4A7CCE7B259227E900324B41 /* FunctionVC.h */ = {isa = PBXFileReference; lastKnownFileType = sourcecode.c.h; path = FunctionVC.h; sourceTree = "<group>"; };
		4A7CCE7C259227E900324B41 /* FunctionVC.m */ = {isa = PBXFileReference; lastKnownFileType = sourcecode.c.objc; path = FunctionVC.m; sourceTree = "<group>"; };
		4A7CCE7F2592280D00324B41 /* FrameworkVC.h */ = {isa = PBXFileReference; lastKnownFileType = sourcecode.c.h; path = FrameworkVC.h; sourceTree = "<group>"; };
		4A7CCE802592280D00324B41 /* FrameworkVC.m */ = {isa = PBXFileReference; lastKnownFileType = sourcecode.c.objc; path = FrameworkVC.m; sourceTree = "<group>"; };
		4A7CCE822592282500324B41 /* Performance.h */ = {isa = PBXFileReference; lastKnownFileType = sourcecode.c.h; path = Performance.h; sourceTree = "<group>"; };
		4A7CCE832592282500324B41 /* Performance.m */ = {isa = PBXFileReference; lastKnownFileType = sourcecode.c.objc; path = Performance.m; sourceTree = "<group>"; };
		4A7CCE85259228C800324B41 /* menu_0@3x.png */ = {isa = PBXFileReference; lastKnownFileType = image.png; path = "menu_0@3x.png"; sourceTree = "<group>"; };
		4A7CCE86259228C800324B41 /* menu_1_sel@3x.png */ = {isa = PBXFileReference; lastKnownFileType = image.png; path = "menu_1_sel@3x.png"; sourceTree = "<group>"; };
		4A7CCE87259228C800324B41 /* menu_0_sel@3x.png */ = {isa = PBXFileReference; lastKnownFileType = image.png; path = "menu_0_sel@3x.png"; sourceTree = "<group>"; };
		4A7CCE88259228C800324B41 /* menu_2@2x.png */ = {isa = PBXFileReference; lastKnownFileType = image.png; path = "menu_2@2x.png"; sourceTree = "<group>"; };
		4A7CCE89259228C800324B41 /* menu_1@2x.png */ = {isa = PBXFileReference; lastKnownFileType = image.png; path = "menu_1@2x.png"; sourceTree = "<group>"; };
		4A7CCE8A259228C900324B41 /* menu_2@3x.png */ = {isa = PBXFileReference; lastKnownFileType = image.png; path = "menu_2@3x.png"; sourceTree = "<group>"; };
		4A7CCE8B259228C900324B41 /* menu_0@2x.png */ = {isa = PBXFileReference; lastKnownFileType = image.png; path = "menu_0@2x.png"; sourceTree = "<group>"; };
		4A7CCE8C259228C900324B41 /* menu_1_sel@2x.png */ = {isa = PBXFileReference; lastKnownFileType = image.png; path = "menu_1_sel@2x.png"; sourceTree = "<group>"; };
		4A7CCE8D259228C900324B41 /* menu_1@3x.png */ = {isa = PBXFileReference; lastKnownFileType = image.png; path = "menu_1@3x.png"; sourceTree = "<group>"; };
		4A7CCE8E259228C900324B41 /* menu_2_sel@2x.png */ = {isa = PBXFileReference; lastKnownFileType = image.png; path = "menu_2_sel@2x.png"; sourceTree = "<group>"; };
		4A7CCE8F259228C900324B41 /* menu_0_sel@2x.png */ = {isa = PBXFileReference; lastKnownFileType = image.png; path = "menu_0_sel@2x.png"; sourceTree = "<group>"; };
		4A7CCE90259228C900324B41 /* menu_2_sel@3x.png */ = {isa = PBXFileReference; lastKnownFileType = image.png; path = "menu_2_sel@3x.png"; sourceTree = "<group>"; };
		4A7F3061261ED9C40055D9DE /* RunloopVC.h */ = {isa = PBXFileReference; lastKnownFileType = sourcecode.c.h; path = RunloopVC.h; sourceTree = "<group>"; };
		4A7F3062261ED9C40055D9DE /* RunloopVC.m */ = {isa = PBXFileReference; lastKnownFileType = sourcecode.c.objc; path = RunloopVC.m; sourceTree = "<group>"; };
		4A7F3066261EDB9C0055D9DE /* TableRunLoopCell.h */ = {isa = PBXFileReference; lastKnownFileType = sourcecode.c.h; path = TableRunLoopCell.h; sourceTree = "<group>"; };
		4A7F3067261EDB9C0055D9DE /* TableRunLoopCell.m */ = {isa = PBXFileReference; lastKnownFileType = sourcecode.c.objc; path = TableRunLoopCell.m; sourceTree = "<group>"; };
		4A862B48265A824E003096D6 /* Child_TwoVC.h */ = {isa = PBXFileReference; lastKnownFileType = sourcecode.c.h; path = Child_TwoVC.h; sourceTree = "<group>"; };
		4A862B49265A824E003096D6 /* Child_TwoVC.m */ = {isa = PBXFileReference; lastKnownFileType = sourcecode.c.objc; path = Child_TwoVC.m; sourceTree = "<group>"; };
		4A941C232625393D007DD0E6 /* RunLoopFunctionVC.h */ = {isa = PBXFileReference; lastKnownFileType = sourcecode.c.h; path = RunLoopFunctionVC.h; sourceTree = "<group>"; };
		4A941C242625393D007DD0E6 /* RunLoopFunctionVC.m */ = {isa = PBXFileReference; lastKnownFileType = sourcecode.c.objc; path = RunLoopFunctionVC.m; sourceTree = "<group>"; };
		4A950ED125BE9D200046CD46 /* PublicMethodManager.h */ = {isa = PBXFileReference; lastKnownFileType = sourcecode.c.h; path = PublicMethodManager.h; sourceTree = "<group>"; };
		4A950ED225BE9D200046CD46 /* PublicMethodManager.m */ = {isa = PBXFileReference; lastKnownFileType = sourcecode.c.objc; path = PublicMethodManager.m; sourceTree = "<group>"; };
		4A95B5972658FEBC00B7C001 /* gdicon.svg */ = {isa = PBXFileReference; fileEncoding = 4; lastKnownFileType = text.xml; path = gdicon.svg; sourceTree = "<group>"; };
		4A95B59A265A0C5100B7C001 /* AddChildVC.h */ = {isa = PBXFileReference; lastKnownFileType = sourcecode.c.h; path = AddChildVC.h; sourceTree = "<group>"; };
		4A95B59B265A0C5100B7C001 /* AddChildVC.m */ = {isa = PBXFileReference; lastKnownFileType = sourcecode.c.objc; path = AddChildVC.m; sourceTree = "<group>"; };
		4A95B59F265A0E7D00B7C001 /* Child_OneVC.h */ = {isa = PBXFileReference; lastKnownFileType = sourcecode.c.h; path = Child_OneVC.h; sourceTree = "<group>"; };
		4A95B5A0265A0E7D00B7C001 /* Child_OneVC.m */ = {isa = PBXFileReference; lastKnownFileType = sourcecode.c.objc; path = Child_OneVC.m; sourceTree = "<group>"; };
		4A9848BF265F3538004B4C56 /* TemplateTableViewVC.h */ = {isa = PBXFileReference; lastKnownFileType = sourcecode.c.h; path = TemplateTableViewVC.h; sourceTree = "<group>"; };
		4A9848C0265F3538004B4C56 /* TemplateTableViewVC.m */ = {isa = PBXFileReference; lastKnownFileType = sourcecode.c.objc; path = TemplateTableViewVC.m; sourceTree = "<group>"; };
		4A9848D12660C4F9004B4C56 /* UIFont+AutormaticFont.h */ = {isa = PBXFileReference; lastKnownFileType = sourcecode.c.h; path = "UIFont+AutormaticFont.h"; sourceTree = "<group>"; };
		4A9848D22660C4F9004B4C56 /* UIFont+AutormaticFont.m */ = {isa = PBXFileReference; lastKnownFileType = sourcecode.c.objc; path = "UIFont+AutormaticFont.m"; sourceTree = "<group>"; };
		4A9848E62662250A004B4C56 /* LoadSVGVC.h */ = {isa = PBXFileReference; lastKnownFileType = sourcecode.c.h; path = LoadSVGVC.h; sourceTree = "<group>"; };
		4A9848E72662250A004B4C56 /* LoadSVGVC.m */ = {isa = PBXFileReference; lastKnownFileType = sourcecode.c.objc; path = LoadSVGVC.m; sourceTree = "<group>"; };
		4A9848EB26624949004B4C56 /* svg1.svg */ = {isa = PBXFileReference; fileEncoding = 4; lastKnownFileType = text.xml; path = svg1.svg; sourceTree = "<group>"; };
		4A98CC232610A3440047EB7F /* BlockVC.h */ = {isa = PBXFileReference; lastKnownFileType = sourcecode.c.h; path = BlockVC.h; sourceTree = "<group>"; };
		4A98CC242610A3440047EB7F /* BlockVC.m */ = {isa = PBXFileReference; lastKnownFileType = sourcecode.c.objc; path = BlockVC.m; sourceTree = "<group>"; };
		4A98CC282610B8E70047EB7F /* BlockMode.h */ = {isa = PBXFileReference; lastKnownFileType = sourcecode.c.h; path = BlockMode.h; sourceTree = "<group>"; };
		4A98CC292610B8E70047EB7F /* BlockMode.m */ = {isa = PBXFileReference; lastKnownFileType = sourcecode.c.objc; path = BlockMode.m; sourceTree = "<group>"; };
		4A9D4F682652130F00F9A944 /* Carsh.h */ = {isa = PBXFileReference; lastKnownFileType = sourcecode.c.h; path = Carsh.h; sourceTree = "<group>"; };
		4A9D4F692652130F00F9A944 /* Carsh.m */ = {isa = PBXFileReference; lastKnownFileType = sourcecode.c.objc; path = Carsh.m; sourceTree = "<group>"; };
		4ABD797B266DB2FB00C63EB3 /* BaseNavViewController.h */ = {isa = PBXFileReference; lastKnownFileType = sourcecode.c.h; path = BaseNavViewController.h; sourceTree = "<group>"; };
		4ABD797C266DB2FB00C63EB3 /* BaseNavViewController.m */ = {isa = PBXFileReference; lastKnownFileType = sourcecode.c.objc; path = BaseNavViewController.m; sourceTree = "<group>"; };
		4AC3768425FF09CA00026C69 /* StringChageType.h */ = {isa = PBXFileReference; lastKnownFileType = sourcecode.c.h; path = StringChageType.h; sourceTree = "<group>"; };
		4AC3768525FF09CA00026C69 /* StringChageType.m */ = {isa = PBXFileReference; lastKnownFileType = sourcecode.c.objc; path = StringChageType.m; sourceTree = "<group>"; };
		4AC3768A25FF376500026C69 /* DLKWebViewVC.h */ = {isa = PBXFileReference; lastKnownFileType = sourcecode.c.h; path = DLKWebViewVC.h; sourceTree = "<group>"; };
		4AC3768B25FF376500026C69 /* DLKWebViewVC.m */ = {isa = PBXFileReference; lastKnownFileType = sourcecode.c.objc; path = DLKWebViewVC.m; sourceTree = "<group>"; };
		4AC37701260201F800026C69 /* GCDVC.h */ = {isa = PBXFileReference; lastKnownFileType = sourcecode.c.h; path = GCDVC.h; sourceTree = "<group>"; };
		4AC37702260201F800026C69 /* GCDVC.m */ = {isa = PBXFileReference; lastKnownFileType = sourcecode.c.objc; path = GCDVC.m; sourceTree = "<group>"; };
		4AC81DBA26734DFF005A298E /* TimerVC.h */ = {isa = PBXFileReference; lastKnownFileType = sourcecode.c.h; path = TimerVC.h; sourceTree = "<group>"; };
		4AC81DBB26734DFF005A298E /* TimerVC.m */ = {isa = PBXFileReference; lastKnownFileType = sourcecode.c.objc; path = TimerVC.m; sourceTree = "<group>"; };
		4AC81DBE26735D35005A298E /* NSURLSession+Proxy.h */ = {isa = PBXFileReference; lastKnownFileType = sourcecode.c.h; path = "NSURLSession+Proxy.h"; sourceTree = "<group>"; };
		4AC81DBF26735D35005A298E /* NSURLSession+Proxy.m */ = {isa = PBXFileReference; lastKnownFileType = sourcecode.c.objc; path = "NSURLSession+Proxy.m"; sourceTree = "<group>"; };
		4AD6C1B325E0B8F90048A9CC /* BaseViewController.h */ = {isa = PBXFileReference; lastKnownFileType = sourcecode.c.h; path = BaseViewController.h; sourceTree = "<group>"; };
		4AD6C1B425E0B8F90048A9CC /* BaseViewController.m */ = {isa = PBXFileReference; lastKnownFileType = sourcecode.c.objc; path = BaseViewController.m; sourceTree = "<group>"; };
		4AD6C1BA25E0DE3B0048A9CC /* ModelLanscapeLeftVC.h */ = {isa = PBXFileReference; lastKnownFileType = sourcecode.c.h; path = ModelLanscapeLeftVC.h; sourceTree = "<group>"; };
		4AD6C1BB25E0DE3B0048A9CC /* ModelLanscapeLeftVC.m */ = {isa = PBXFileReference; lastKnownFileType = sourcecode.c.objc; path = ModelLanscapeLeftVC.m; sourceTree = "<group>"; };
		4AD6C1C025E3DFEC0048A9CC /* CalendarsNotifVC.h */ = {isa = PBXFileReference; lastKnownFileType = sourcecode.c.h; path = CalendarsNotifVC.h; sourceTree = "<group>"; };
		4AD6C1C125E3DFEC0048A9CC /* CalendarsNotifVC.m */ = {isa = PBXFileReference; lastKnownFileType = sourcecode.c.objc; path = CalendarsNotifVC.m; sourceTree = "<group>"; };
		4ADE799A25BAC5A7004F0EBB /* DeviceOrientation.h */ = {isa = PBXFileReference; lastKnownFileType = sourcecode.c.h; path = DeviceOrientation.h; sourceTree = "<group>"; };
		4ADE799B25BAC5A7004F0EBB /* DeviceOrientation.m */ = {isa = PBXFileReference; lastKnownFileType = sourcecode.c.objc; path = DeviceOrientation.m; sourceTree = "<group>"; };
		4AE006F025BFA4B5001300EC /* LandscapeLeftVC.h */ = {isa = PBXFileReference; lastKnownFileType = sourcecode.c.h; path = LandscapeLeftVC.h; sourceTree = "<group>"; };
		4AE006F125BFA4B5001300EC /* LandscapeLeftVC.m */ = {isa = PBXFileReference; lastKnownFileType = sourcecode.c.objc; path = LandscapeLeftVC.m; sourceTree = "<group>"; };
		4AE2C5C425BE5815003ED184 /* TransitionAnimate.h */ = {isa = PBXFileReference; lastKnownFileType = sourcecode.c.h; path = TransitionAnimate.h; sourceTree = "<group>"; };
		4AE2C5C525BE5815003ED184 /* TransitionAnimate.m */ = {isa = PBXFileReference; lastKnownFileType = sourcecode.c.objc; path = TransitionAnimate.m; sourceTree = "<group>"; };
		4AE5F9B72678458600361F71 /* TimerModel.h */ = {isa = PBXFileReference; lastKnownFileType = sourcecode.c.h; path = TimerModel.h; sourceTree = "<group>"; };
		4AE5F9B82678458600361F71 /* TimerModel.m */ = {isa = PBXFileReference; lastKnownFileType = sourcecode.c.objc; path = TimerModel.m; sourceTree = "<group>"; };
		4AE5F9CE26799D2100361F71 /* ProtocolVC.h */ = {isa = PBXFileReference; lastKnownFileType = sourcecode.c.h; path = ProtocolVC.h; sourceTree = "<group>"; };
		4AE5F9CF26799D2100361F71 /* ProtocolVC.m */ = {isa = PBXFileReference; lastKnownFileType = sourcecode.c.objc; path = ProtocolVC.m; sourceTree = "<group>"; };
		4AE5F9D32679A65400361F71 /* ProtocolCell.h */ = {isa = PBXFileReference; lastKnownFileType = sourcecode.c.h; path = ProtocolCell.h; sourceTree = "<group>"; };
		4AE5F9D42679A65400361F71 /* ProtocolCell.m */ = {isa = PBXFileReference; lastKnownFileType = sourcecode.c.objc; path = ProtocolCell.m; sourceTree = "<group>"; };
		4AE5FA63267AEDB100361F71 /* TimerVC+invarcatFunction.h */ = {isa = PBXFileReference; lastKnownFileType = sourcecode.c.h; path = "TimerVC+invarcatFunction.h"; sourceTree = "<group>"; };
		4AE5FA64267AEDB100361F71 /* TimerVC+invarcatFunction.m */ = {isa = PBXFileReference; lastKnownFileType = sourcecode.c.objc; path = "TimerVC+invarcatFunction.m"; sourceTree = "<group>"; };
		4AE5FA6B267B39CC00361F71 /* UIView+touch.h */ = {isa = PBXFileReference; lastKnownFileType = sourcecode.c.h; path = "UIView+touch.h"; sourceTree = "<group>"; };
		4AE5FA6C267B39CC00361F71 /* UIView+touch.m */ = {isa = PBXFileReference; lastKnownFileType = sourcecode.c.objc; path = "UIView+touch.m"; sourceTree = "<group>"; };
		4AE5FA6F267B466E00361F71 /* timerView.h */ = {isa = PBXFileReference; lastKnownFileType = sourcecode.c.h; path = timerView.h; sourceTree = "<group>"; };
		4AE5FA70267B466E00361F71 /* timerView.m */ = {isa = PBXFileReference; lastKnownFileType = sourcecode.c.objc; path = timerView.m; sourceTree = "<group>"; };
		4AE77FF626330619008810E5 /* index.html */ = {isa = PBXFileReference; fileEncoding = 4; lastKnownFileType = text.html; path = index.html; sourceTree = "<group>"; };
		4AEFF718260D7550005771D0 /* ProjectResourceManager.h */ = {isa = PBXFileReference; lastKnownFileType = sourcecode.c.h; path = ProjectResourceManager.h; sourceTree = "<group>"; };
		4AEFF719260D7550005771D0 /* ProjectResourceManager.m */ = {isa = PBXFileReference; lastKnownFileType = sourcecode.c.objc; path = ProjectResourceManager.m; sourceTree = "<group>"; };
		4AEFF71D260D7EA4005771D0 /* ProjectResourceModel.h */ = {isa = PBXFileReference; lastKnownFileType = sourcecode.c.h; path = ProjectResourceModel.h; sourceTree = "<group>"; };
		4AEFF71E260D7EA4005771D0 /* ProjectResourceModel.m */ = {isa = PBXFileReference; lastKnownFileType = sourcecode.c.objc; path = ProjectResourceModel.m; sourceTree = "<group>"; };
		4AEFF721260D7ED8005771D0 /* ProjectResourceViewModel.h */ = {isa = PBXFileReference; lastKnownFileType = sourcecode.c.h; path = ProjectResourceViewModel.h; sourceTree = "<group>"; };
		4AEFF722260D7ED8005771D0 /* ProjectResourceViewModel.m */ = {isa = PBXFileReference; lastKnownFileType = sourcecode.c.objc; path = ProjectResourceViewModel.m; sourceTree = "<group>"; };
		4AEFF725260D7FC9005771D0 /* ProjectResourceView.h */ = {isa = PBXFileReference; lastKnownFileType = sourcecode.c.h; path = ProjectResourceView.h; sourceTree = "<group>"; };
		4AEFF726260D7FC9005771D0 /* ProjectResourceView.m */ = {isa = PBXFileReference; lastKnownFileType = sourcecode.c.objc; path = ProjectResourceView.m; sourceTree = "<group>"; };
		4AF53E78266F575800FACA28 /* ProxyStatus.h */ = {isa = PBXFileReference; lastKnownFileType = sourcecode.c.h; path = ProxyStatus.h; sourceTree = "<group>"; };
		4AF53E79266F575800FACA28 /* ProxyStatus.m */ = {isa = PBXFileReference; lastKnownFileType = sourcecode.c.objc; path = ProxyStatus.m; sourceTree = "<group>"; };
		4AF53EA926709ACD00FACA28 /* SplitViewController.h */ = {isa = PBXFileReference; lastKnownFileType = sourcecode.c.h; path = SplitViewController.h; sourceTree = "<group>"; };
		4AF53EAA26709ACD00FACA28 /* SplitViewController.m */ = {isa = PBXFileReference; lastKnownFileType = sourcecode.c.objc; path = SplitViewController.m; sourceTree = "<group>"; };
		4AF53EB42670A09C00FACA28 /* MasterVC.h */ = {isa = PBXFileReference; lastKnownFileType = sourcecode.c.h; path = MasterVC.h; sourceTree = "<group>"; };
		4AF53EB52670A09C00FACA28 /* MasterVC.m */ = {isa = PBXFileReference; lastKnownFileType = sourcecode.c.objc; path = MasterVC.m; sourceTree = "<group>"; };
		4AF53EB82670A0B400FACA28 /* DetailVC.h */ = {isa = PBXFileReference; lastKnownFileType = sourcecode.c.h; path = DetailVC.h; sourceTree = "<group>"; };
		4AF53EB92670A0B400FACA28 /* DetailVC.m */ = {isa = PBXFileReference; lastKnownFileType = sourcecode.c.objc; path = DetailVC.m; sourceTree = "<group>"; };
		4AF53EC22670BA4E00FACA28 /* NSTimer+HeapLeak.h */ = {isa = PBXFileReference; lastKnownFileType = sourcecode.c.h; path = "NSTimer+HeapLeak.h"; sourceTree = "<group>"; };
		4AF53EC32670BA4E00FACA28 /* NSTimer+HeapLeak.m */ = {isa = PBXFileReference; lastKnownFileType = sourcecode.c.objc; path = "NSTimer+HeapLeak.m"; sourceTree = "<group>"; };
		661437ADCE0B7FEFA75CC2BF /* libPods-BaseProject.a */ = {isa = PBXFileReference; explicitFileType = archive.ar; includeInIndex = 0; path = "libPods-BaseProject.a"; sourceTree = BUILT_PRODUCTS_DIR; };
		72BB7A938EF9E8055E80853B /* Pods-BaseProject.debug.xcconfig */ = {isa = PBXFileReference; includeInIndex = 1; lastKnownFileType = text.xcconfig; name = "Pods-BaseProject.debug.xcconfig"; path = "Target Support Files/Pods-BaseProject/Pods-BaseProject.debug.xcconfig"; sourceTree = "<group>"; };
		E7243419E16829FB90BBE7C9 /* Pods-BaseProject.release.xcconfig */ = {isa = PBXFileReference; includeInIndex = 1; lastKnownFileType = text.xcconfig; name = "Pods-BaseProject.release.xcconfig"; path = "Target Support Files/Pods-BaseProject/Pods-BaseProject.release.xcconfig"; sourceTree = "<group>"; };
		FC0D5D73263998EF00509E71 /* RunTimeVC.h */ = {isa = PBXFileReference; lastKnownFileType = sourcecode.c.h; path = RunTimeVC.h; sourceTree = "<group>"; };
		FC0D5D74263998EF00509E71 /* RunTimeVC.m */ = {isa = PBXFileReference; lastKnownFileType = sourcecode.c.objc; path = RunTimeVC.m; sourceTree = "<group>"; };
		FC142D4825F65A8D00D8765F /* StringToUnicode.h */ = {isa = PBXFileReference; lastKnownFileType = sourcecode.c.h; path = StringToUnicode.h; sourceTree = "<group>"; };
		FC142D4925F65A8D00D8765F /* StringToUnicode.m */ = {isa = PBXFileReference; lastKnownFileType = sourcecode.c.objc; path = StringToUnicode.m; sourceTree = "<group>"; };
		FC5BD6A92638445D000DF0B6 /* UserContent.js */ = {isa = PBXFileReference; fileEncoding = 4; lastKnownFileType = sourcecode.javascript; path = UserContent.js; sourceTree = "<group>"; };
		FC70CAB02645662D002ED5A8 /* PrivacyPolicyVC.h */ = {isa = PBXFileReference; lastKnownFileType = sourcecode.c.h; path = PrivacyPolicyVC.h; sourceTree = "<group>"; };
		FC70CAB12645662D002ED5A8 /* PrivacyPolicyVC.m */ = {isa = PBXFileReference; lastKnownFileType = sourcecode.c.objc; path = PrivacyPolicyVC.m; sourceTree = "<group>"; };
		FCCC4CDB264AAA7500C0C554 /* UITableView+StabceImage.h */ = {isa = PBXFileReference; lastKnownFileType = sourcecode.c.h; path = "UITableView+StabceImage.h"; sourceTree = "<group>"; };
		FCCC4CDC264AAA7600C0C554 /* UITableView+StabceImage.m */ = {isa = PBXFileReference; lastKnownFileType = sourcecode.c.objc; path = "UITableView+StabceImage.m"; sourceTree = "<group>"; };
		FCCC4CE0264AB4BC00C0C554 /* OneModel.h */ = {isa = PBXFileReference; lastKnownFileType = sourcecode.c.h; path = OneModel.h; sourceTree = "<group>"; };
		FCCC4CE1264AB4BC00C0C554 /* OneModel.m */ = {isa = PBXFileReference; lastKnownFileType = sourcecode.c.objc; path = OneModel.m; sourceTree = "<group>"; };
		FCCC4CE4264AB4F900C0C554 /* TwoModel.h */ = {isa = PBXFileReference; lastKnownFileType = sourcecode.c.h; path = TwoModel.h; sourceTree = "<group>"; };
		FCCC4CE5264AB4F900C0C554 /* TwoModel.m */ = {isa = PBXFileReference; lastKnownFileType = sourcecode.c.objc; path = TwoModel.m; sourceTree = "<group>"; };
		FCEA089C265BD79B000E238D /* TableStanceVC.h */ = {isa = PBXFileReference; lastKnownFileType = sourcecode.c.h; path = TableStanceVC.h; sourceTree = "<group>"; };
		FCEA089D265BD79B000E238D /* TableStanceVC.m */ = {isa = PBXFileReference; lastKnownFileType = sourcecode.c.objc; path = TableStanceVC.m; sourceTree = "<group>"; };
		FCEA08A0265BD827000E238D /* TableStanceView.h */ = {isa = PBXFileReference; lastKnownFileType = sourcecode.c.h; path = TableStanceView.h; sourceTree = "<group>"; };
		FCEA08A1265BD827000E238D /* TableStanceView.m */ = {isa = PBXFileReference; lastKnownFileType = sourcecode.c.objc; path = TableStanceView.m; sourceTree = "<group>"; };
		FCEA08A4265BDA0E000E238D /* load.gif */ = {isa = PBXFileReference; lastKnownFileType = image.gif; path = load.gif; sourceTree = "<group>"; };
		FCF4AFAA265D42830077B328 /* KVOModel.h */ = {isa = PBXFileReference; lastKnownFileType = sourcecode.c.h; path = KVOModel.h; sourceTree = "<group>"; };
		FCF4AFAB265D42830077B328 /* KVOModel.m */ = {isa = PBXFileReference; lastKnownFileType = sourcecode.c.objc; path = KVOModel.m; sourceTree = "<group>"; };
/* End PBXFileReference section */

/* Begin PBXFrameworksBuildPhase section */
		4A64C22B257E5FE400C4C5F5 /* Frameworks */ = {
			isa = PBXFrameworksBuildPhase;
			buildActionMask = 2147483647;
			files = (
				C13826F8FEF65A0AF219020C /* libPods-BaseProject.a in Frameworks */,
			);
			runOnlyForDeploymentPostprocessing = 0;
		};
/* End PBXFrameworksBuildPhase section */

/* Begin PBXGroup section */
		1BA759B54C3AE0BCBF2D2D89 /* Pods */ = {
			isa = PBXGroup;
			children = (
				72BB7A938EF9E8055E80853B /* Pods-BaseProject.debug.xcconfig */,
				E7243419E16829FB90BBE7C9 /* Pods-BaseProject.release.xcconfig */,
			);
			path = Pods;
			sourceTree = "<group>";
		};
		4A14CC0325CB901600D29412 /* modelPresent */ = {
			isa = PBXGroup;
			children = (
				4A14CC0425CB903F00D29412 /* ModelPresentVC.h */,
				4A14CC0525CB903F00D29412 /* ModelPresentVC.m */,
			);
			path = modelPresent;
			sourceTree = "<group>";
		};
		4A294DA3262E7EF70038B11B /* addMoreController */ = {
			isa = PBXGroup;
			children = (
				4A294DA4262E7F350038B11B /* OneVC.h */,
				4A294DA5262E7F350038B11B /* OneVC.m */,
				4A294DA9262E7F420038B11B /* TwoVC.h */,
				4A294DAA262E7F420038B11B /* TwoVC.m */,
				4A294DAD262E7F630038B11B /* ThreeVC.h */,
				4A294DAE262E7F630038B11B /* ThreeVC.m */,
				FCCC4CE0264AB4BC00C0C554 /* OneModel.h */,
				FCCC4CE1264AB4BC00C0C554 /* OneModel.m */,
				FCCC4CE4264AB4F900C0C554 /* TwoModel.h */,
				FCCC4CE5264AB4F900C0C554 /* TwoModel.m */,
			);
			path = addMoreController;
			sourceTree = "<group>";
		};
		4A480AA5265787C1003E13AF /* Alert */ = {
			isa = PBXGroup;
			children = (
				4A480AA62657885F003E13AF /* MoreAlertVC.h */,
				4A480AA72657885F003E13AF /* MoreAlertVC.m */,
				4A480AAB265789EA003E13AF /* MoreAlertController.h */,
				4A480AAC265789EA003E13AF /* MoreAlertController.m */,
			);
			path = Alert;
			sourceTree = "<group>";
		};
		4A54BCD025C3E7F9000BA17B /* ForbidCatchScreen */ = {
			isa = PBXGroup;
			children = (
				4A54BCD125C3E8C4000BA17B /* ForbidCatchScreenVC.h */,
				4A54BCD225C3E8C4000BA17B /* ForbidCatchScreenVC.m */,
			);
			path = ForbidCatchScreen;
			sourceTree = "<group>";
		};
		4A60067E26564EC900501AF3 /* CompareFloat */ = {
			isa = PBXGroup;
			children = (
				4A480A9C26565BB3003E13AF /* CompareFloat.h */,
				4A480A9D26565BB3003E13AF /* CompareFloat.m */,
			);
			path = CompareFloat;
			sourceTree = "<group>";
		};
		4A64C225257E5FE400C4C5F5 = {
			isa = PBXGroup;
			children = (
				4A64C230257E5FE400C4C5F5 /* BaseProject */,
				4A64C22F257E5FE400C4C5F5 /* Products */,
				1BA759B54C3AE0BCBF2D2D89 /* Pods */,
				B2426AE3DB80D93E764BB380 /* Frameworks */,
			);
			sourceTree = "<group>";
		};
		4A64C22F257E5FE400C4C5F5 /* Products */ = {
			isa = PBXGroup;
			children = (
				4A64C22E257E5FE400C4C5F5 /* BaseProject.app */,
			);
			name = Products;
			sourceTree = "<group>";
		};
		4A64C230257E5FE400C4C5F5 /* BaseProject */ = {
			isa = PBXGroup;
			children = (
				4AE5F9CD26799CEE00361F71 /* Protocol */,
				FCCC4CD5264AA91400C0C554 /* Catgory */,
				4AD6C1B225E0B8B60048A9CC /* Base */,
				4A7CCE77259225CF00324B41 /* Control */,
				4A7CCD0C258E261B00324B41 /* image */,
				4A64C231257E5FE400C4C5F5 /* AppDelegate.h */,
				4A64C232257E5FE400C4C5F5 /* AppDelegate.m */,
				4A64C237257E5FE400C4C5F5 /* ViewController.h */,
				4A64C238257E5FE400C4C5F5 /* ViewController.m */,
				4A64C23A257E5FE400C4C5F5 /* Main.storyboard */,
				4A64C23D257E5FE800C4C5F5 /* Assets.xcassets */,
				4A64C23F257E5FE800C4C5F5 /* LaunchScreen.storyboard */,
				4A64C242257E5FE800C4C5F5 /* Info.plist */,
				4A64C243257E5FE800C4C5F5 /* main.m */,
				4A7CCD0F258E2F3E00324B41 /* LaunchVC.h */,
				4A7CCD10258E2F3E00324B41 /* LaunchVC.m */,
				4A950ED125BE9D200046CD46 /* PublicMethodManager.h */,
				4A950ED225BE9D200046CD46 /* PublicMethodManager.m */,
			);
			path = BaseProject;
			sourceTree = "<group>";
		};
		4A726CF02666135C0024010A /* ScrollerView */ = {
			isa = PBXGroup;
			children = (
				4A726CF1266613760024010A /* ScrollViewVC.h */,
				4A726CF2266613760024010A /* ScrollViewVC.m */,
			);
			path = ScrollerView;
			sourceTree = "<group>";
		};
		4A7CCD0C258E261B00324B41 /* image */ = {
			isa = PBXGroup;
			children = (
				4A7CCE8F259228C900324B41 /* menu_0_sel@2x.png */,
				4A7CCE87259228C800324B41 /* menu_0_sel@3x.png */,
				4A7CCE8B259228C900324B41 /* menu_0@2x.png */,
				4A7CCE85259228C800324B41 /* menu_0@3x.png */,
				4A7CCE8C259228C900324B41 /* menu_1_sel@2x.png */,
				4A7CCE86259228C800324B41 /* menu_1_sel@3x.png */,
				4A7CCE89259228C800324B41 /* menu_1@2x.png */,
				4A7CCE8D259228C900324B41 /* menu_1@3x.png */,
				4A7CCE8E259228C900324B41 /* menu_2_sel@2x.png */,
				4A7CCE90259228C900324B41 /* menu_2_sel@3x.png */,
				4A7CCE88259228C800324B41 /* menu_2@2x.png */,
				4A7CCE8A259228C900324B41 /* menu_2@3x.png */,
			);
			path = image;
			sourceTree = "<group>";
		};
		4A7CCE77259225CF00324B41 /* Control */ = {
			isa = PBXGroup;
			children = (
				4A9848BE265F34D6004B4C56 /* TableView */,
				FCF4AFA9265D42630077B328 /* KVO */,
				FCEA089A265BD620000E238D /* TableStance */,
				4AF53EC12670B9FF00FACA28 /* Timer */,
				4AF53EA826709A9900FACA28 /* SplitViewController */,
				4A726CF02666135C0024010A /* ScrollerView */,
				4A9848E5266224E4004B4C56 /* SVG */,
				4A95B59E265A0C5B00B7C001 /* AddChild */,
				4A480AA5265787C1003E13AF /* Alert */,
				4A60067E26564EC900501AF3 /* CompareFloat */,
				4A9D4F612652103A00F9A944 /* Carsh */,
				FC70CAAF264565FB002ED5A8 /* PrivacyPolicy */,
				FC0D5D72263998C200509E71 /* RunTime */,
				4A294DA3262E7EF70038B11B /* addMoreController */,
				4A7F3060261ED9AE0055D9DE /* RunLoop */,
				4A98CC222610A32D0047EB7F /* Block */,
				4AEFF717260D74A3005771D0 /* StorageCacheFile */,
				4AC37700260201DD00026C69 /* GCD */,
				4AC3768925FF373F00026C69 /* WKWebVIew */,
				FC142D4725F65A4100D8765F /* StringToUnicode */,
				4AD6C1BF25E3DF340048A9CC /* Calendars */,
				4A14CC0325CB901600D29412 /* modelPresent */,
				4A54BCD025C3E7F9000BA17B /* ForbidCatchScreen */,
				4AE2C5C325BE57A5003ED184 /* TransitionAnimate */,
				4ADE799925BAC271004F0EBB /* DeviceOrientation */,
				4A7CCE7A259227BE00324B41 /* Performance */,
				4A7CCE792592276C00324B41 /* Framework */,
				4A7CCE78259225E700324B41 /* Function */,
			);
			path = Control;
			sourceTree = "<group>";
		};
		4A7CCE78259225E700324B41 /* Function */ = {
			isa = PBXGroup;
			children = (
				4A7CCE7B259227E900324B41 /* FunctionVC.h */,
				4A7CCE7C259227E900324B41 /* FunctionVC.m */,
			);
			path = Function;
			sourceTree = "<group>";
		};
		4A7CCE792592276C00324B41 /* Framework */ = {
			isa = PBXGroup;
			children = (
				4A7CCE7F2592280D00324B41 /* FrameworkVC.h */,
				4A7CCE802592280D00324B41 /* FrameworkVC.m */,
			);
			path = Framework;
			sourceTree = "<group>";
		};
		4A7CCE7A259227BE00324B41 /* Performance */ = {
			isa = PBXGroup;
			children = (
				4A7CCE822592282500324B41 /* Performance.h */,
				4A7CCE832592282500324B41 /* Performance.m */,
			);
			path = Performance;
			sourceTree = "<group>";
		};
		4A7F3060261ED9AE0055D9DE /* RunLoop */ = {
			isa = PBXGroup;
			children = (
				4A7F3061261ED9C40055D9DE /* RunloopVC.h */,
				4A7F3062261ED9C40055D9DE /* RunloopVC.m */,
				4A7F3066261EDB9C0055D9DE /* TableRunLoopCell.h */,
				4A7F3067261EDB9C0055D9DE /* TableRunLoopCell.m */,
				4A941C232625393D007DD0E6 /* RunLoopFunctionVC.h */,
				4A941C242625393D007DD0E6 /* RunLoopFunctionVC.m */,
			);
			path = RunLoop;
			sourceTree = "<group>";
		};
		4A95B59E265A0C5B00B7C001 /* AddChild */ = {
			isa = PBXGroup;
			children = (
				4A95B59A265A0C5100B7C001 /* AddChildVC.h */,
				4A95B59B265A0C5100B7C001 /* AddChildVC.m */,
				4A95B59F265A0E7D00B7C001 /* Child_OneVC.h */,
				4A95B5A0265A0E7D00B7C001 /* Child_OneVC.m */,
				4A862B48265A824E003096D6 /* Child_TwoVC.h */,
				4A862B49265A824E003096D6 /* Child_TwoVC.m */,
			);
			path = AddChild;
			sourceTree = "<group>";
		};
		4A9848BE265F34D6004B4C56 /* TableView */ = {
			isa = PBXGroup;
			children = (
				4A9848BF265F3538004B4C56 /* TemplateTableViewVC.h */,
				4A9848C0265F3538004B4C56 /* TemplateTableViewVC.m */,
			);
			path = TableView;
			sourceTree = "<group>";
		};
		4A9848E5266224E4004B4C56 /* SVG */ = {
			isa = PBXGroup;
			children = (
				4A9848EB26624949004B4C56 /* svg1.svg */,
				4A9848E62662250A004B4C56 /* LoadSVGVC.h */,
				4A9848E72662250A004B4C56 /* LoadSVGVC.m */,
			);
			path = SVG;
			sourceTree = "<group>";
		};
		4A98CC222610A32D0047EB7F /* Block */ = {
			isa = PBXGroup;
			children = (
				4A98CC232610A3440047EB7F /* BlockVC.h */,
				4A98CC242610A3440047EB7F /* BlockVC.m */,
				4A98CC282610B8E70047EB7F /* BlockMode.h */,
				4A98CC292610B8E70047EB7F /* BlockMode.m */,
			);
			path = Block;
			sourceTree = "<group>";
		};
		4A9D4F612652103A00F9A944 /* Carsh */ = {
			isa = PBXGroup;
			children = (
				4A9D4F682652130F00F9A944 /* Carsh.h */,
				4A9D4F692652130F00F9A944 /* Carsh.m */,
			);
			path = Carsh;
			sourceTree = "<group>";
		};
		4AC3768925FF373F00026C69 /* WKWebVIew */ = {
			isa = PBXGroup;
			children = (
				4A95B5972658FEBC00B7C001 /* gdicon.svg */,
				FC5BD6A92638445D000DF0B6 /* UserContent.js */,
				4AE77FF626330619008810E5 /* index.html */,
				4AC3768A25FF376500026C69 /* DLKWebViewVC.h */,
				4AC3768B25FF376500026C69 /* DLKWebViewVC.m */,
			);
			path = WKWebVIew;
			sourceTree = "<group>";
		};
		4AC37700260201DD00026C69 /* GCD */ = {
			isa = PBXGroup;
			children = (
				4AC37701260201F800026C69 /* GCDVC.h */,
				4AC37702260201F800026C69 /* GCDVC.m */,
			);
			path = GCD;
			sourceTree = "<group>";
		};
		4AD6C1B225E0B8B60048A9CC /* Base */ = {
			isa = PBXGroup;
			children = (
				4AD6C1B325E0B8F90048A9CC /* BaseViewController.h */,
				4AD6C1B425E0B8F90048A9CC /* BaseViewController.m */,
				4ABD797B266DB2FB00C63EB3 /* BaseNavViewController.h */,
				4ABD797C266DB2FB00C63EB3 /* BaseNavViewController.m */,
				4AF53E78266F575800FACA28 /* ProxyStatus.h */,
				4AF53E79266F575800FACA28 /* ProxyStatus.m */,
			);
			path = Base;
			sourceTree = "<group>";
		};
		4AD6C1BF25E3DF340048A9CC /* Calendars */ = {
			isa = PBXGroup;
			children = (
				4AD6C1C025E3DFEC0048A9CC /* CalendarsNotifVC.h */,
				4AD6C1C125E3DFEC0048A9CC /* CalendarsNotifVC.m */,
			);
			path = Calendars;
			sourceTree = "<group>";
		};
		4ADE799925BAC271004F0EBB /* DeviceOrientation */ = {
			isa = PBXGroup;
			children = (
				4ADE799A25BAC5A7004F0EBB /* DeviceOrientation.h */,
				4ADE799B25BAC5A7004F0EBB /* DeviceOrientation.m */,
				4AE006F025BFA4B5001300EC /* LandscapeLeftVC.h */,
				4AE006F125BFA4B5001300EC /* LandscapeLeftVC.m */,
				4AD6C1BA25E0DE3B0048A9CC /* ModelLanscapeLeftVC.h */,
				4AD6C1BB25E0DE3B0048A9CC /* ModelLanscapeLeftVC.m */,
			);
			path = DeviceOrientation;
			sourceTree = "<group>";
		};
		4AE2C5C325BE57A5003ED184 /* TransitionAnimate */ = {
			isa = PBXGroup;
			children = (
				4AE2C5C425BE5815003ED184 /* TransitionAnimate.h */,
				4AE2C5C525BE5815003ED184 /* TransitionAnimate.m */,
			);
			path = TransitionAnimate;
			sourceTree = "<group>";
		};
		4AE5F9CD26799CEE00361F71 /* Protocol */ = {
			isa = PBXGroup;
			children = (
				4AE5F9CE26799D2100361F71 /* ProtocolVC.h */,
				4AE5F9CF26799D2100361F71 /* ProtocolVC.m */,
				4AE5F9D32679A65400361F71 /* ProtocolCell.h */,
				4AE5F9D42679A65400361F71 /* ProtocolCell.m */,
			);
			path = Protocol;
			sourceTree = "<group>";
		};
		4AEFF717260D74A3005771D0 /* StorageCacheFile */ = {
			isa = PBXGroup;
			children = (
				4AEFF718260D7550005771D0 /* ProjectResourceManager.h */,
				4AEFF719260D7550005771D0 /* ProjectResourceManager.m */,
				4AEFF725260D7FC9005771D0 /* ProjectResourceView.h */,
				4AEFF726260D7FC9005771D0 /* ProjectResourceView.m */,
				4AEFF71D260D7EA4005771D0 /* ProjectResourceModel.h */,
				4AEFF71E260D7EA4005771D0 /* ProjectResourceModel.m */,
				4AEFF721260D7ED8005771D0 /* ProjectResourceViewModel.h */,
				4AEFF722260D7ED8005771D0 /* ProjectResourceViewModel.m */,
			);
			path = StorageCacheFile;
			sourceTree = "<group>";
		};
		4AF53EA826709A9900FACA28 /* SplitViewController */ = {
			isa = PBXGroup;
			children = (
				4AF53EA926709ACD00FACA28 /* SplitViewController.h */,
				4AF53EAA26709ACD00FACA28 /* SplitViewController.m */,
				4AF53EB42670A09C00FACA28 /* MasterVC.h */,
				4AF53EB52670A09C00FACA28 /* MasterVC.m */,
				4AF53EB82670A0B400FACA28 /* DetailVC.h */,
				4AF53EB92670A0B400FACA28 /* DetailVC.m */,
			);
			path = SplitViewController;
			sourceTree = "<group>";
		};
		4AF53EC12670B9FF00FACA28 /* Timer */ = {
			isa = PBXGroup;
			children = (
				4AF53EC22670BA4E00FACA28 /* NSTimer+HeapLeak.h */,
				4AF53EC32670BA4E00FACA28 /* NSTimer+HeapLeak.m */,
				4AC81DBA26734DFF005A298E /* TimerVC.h */,
				4AC81DBB26734DFF005A298E /* TimerVC.m */,
				4AE5F9B72678458600361F71 /* TimerModel.h */,
				4AE5F9B82678458600361F71 /* TimerModel.m */,
				4AE5FA63267AEDB100361F71 /* TimerVC+invarcatFunction.h */,
				4AE5FA64267AEDB100361F71 /* TimerVC+invarcatFunction.m */,
				4AE5FA6B267B39CC00361F71 /* UIView+touch.h */,
				4AE5FA6C267B39CC00361F71 /* UIView+touch.m */,
				4AE5FA6F267B466E00361F71 /* timerView.h */,
				4AE5FA70267B466E00361F71 /* timerView.m */,
			);
			path = Timer;
			sourceTree = "<group>";
		};
		B2426AE3DB80D93E764BB380 /* Frameworks */ = {
			isa = PBXGroup;
			children = (
				661437ADCE0B7FEFA75CC2BF /* libPods-BaseProject.a */,
			);
			name = Frameworks;
			sourceTree = "<group>";
		};
		FC0D5D72263998C200509E71 /* RunTime */ = {
			isa = PBXGroup;
			children = (
				FC0D5D73263998EF00509E71 /* RunTimeVC.h */,
				FC0D5D74263998EF00509E71 /* RunTimeVC.m */,
			);
			path = RunTime;
			sourceTree = "<group>";
		};
		FC142D4725F65A4100D8765F /* StringToUnicode */ = {
			isa = PBXGroup;
			children = (
				FC142D4825F65A8D00D8765F /* StringToUnicode.h */,
				FC142D4925F65A8D00D8765F /* StringToUnicode.m */,
				4AC3768425FF09CA00026C69 /* StringChageType.h */,
				4AC3768525FF09CA00026C69 /* StringChageType.m */,
			);
			path = StringToUnicode;
			sourceTree = "<group>";
		};
		FC70CAAF264565FB002ED5A8 /* PrivacyPolicy */ = {
			isa = PBXGroup;
			children = (
				FC70CAB02645662D002ED5A8 /* PrivacyPolicyVC.h */,
				FC70CAB12645662D002ED5A8 /* PrivacyPolicyVC.m */,
			);
			path = PrivacyPolicy;
			sourceTree = "<group>";
		};
		FCCC4CD5264AA91400C0C554 /* Catgory */ = {
			isa = PBXGroup;
			children = (
				FCCC4CDB264AAA7500C0C554 /* UITableView+StabceImage.h */,
				FCCC4CDC264AAA7600C0C554 /* UITableView+StabceImage.m */,
				4A9848D12660C4F9004B4C56 /* UIFont+AutormaticFont.h */,
				4A9848D22660C4F9004B4C56 /* UIFont+AutormaticFont.m */,
				4AC81DBE26735D35005A298E /* NSURLSession+Proxy.h */,
				4AC81DBF26735D35005A298E /* NSURLSession+Proxy.m */,
			);
			path = Catgory;
			sourceTree = "<group>";
		};
		FCEA089A265BD620000E238D /* TableStance */ = {
			isa = PBXGroup;
			children = (
				FCEA08A4265BDA0E000E238D /* load.gif */,
				FCEA089C265BD79B000E238D /* TableStanceVC.h */,
				FCEA089D265BD79B000E238D /* TableStanceVC.m */,
				FCEA08A0265BD827000E238D /* TableStanceView.h */,
				FCEA08A1265BD827000E238D /* TableStanceView.m */,
			);
			path = TableStance;
			sourceTree = "<group>";
		};
		FCF4AFA9265D42630077B328 /* KVO */ = {
			isa = PBXGroup;
			children = (
				FCF4AFAA265D42830077B328 /* KVOModel.h */,
				FCF4AFAB265D42830077B328 /* KVOModel.m */,
			);
			path = KVO;
			sourceTree = "<group>";
		};
/* End PBXGroup section */

/* Begin PBXNativeTarget section */
		4A64C22D257E5FE400C4C5F5 /* BaseProject */ = {
			isa = PBXNativeTarget;
			buildConfigurationList = 4A64C247257E5FE800C4C5F5 /* Build configuration list for PBXNativeTarget "BaseProject" */;
			buildPhases = (
				AD4C32D39E920E2B35B8E4AA /* [CP] Check Pods Manifest.lock */,
				4A64C22A257E5FE400C4C5F5 /* Sources */,
				4A64C22B257E5FE400C4C5F5 /* Frameworks */,
				4A64C22C257E5FE400C4C5F5 /* Resources */,
			);
			buildRules = (
			);
			dependencies = (
			);
			name = BaseProject;
			productName = BaseProject;
			productReference = 4A64C22E257E5FE400C4C5F5 /* BaseProject.app */;
			productType = "com.apple.product-type.application";
		};
/* End PBXNativeTarget section */

/* Begin PBXProject section */
		4A64C226257E5FE400C4C5F5 /* Project object */ = {
			isa = PBXProject;
			attributes = {
				LastUpgradeCheck = 1170;
				ORGANIZATIONNAME = DLK;
				TargetAttributes = {
					4A64C22D257E5FE400C4C5F5 = {
						CreatedOnToolsVersion = 11.7;
					};
				};
			};
			buildConfigurationList = 4A64C229257E5FE400C4C5F5 /* Build configuration list for PBXProject "BaseProject" */;
			compatibilityVersion = "Xcode 9.3";
			developmentRegion = en;
			hasScannedForEncodings = 0;
			knownRegions = (
				en,
				Base,
			);
			mainGroup = 4A64C225257E5FE400C4C5F5;
			productRefGroup = 4A64C22F257E5FE400C4C5F5 /* Products */;
			projectDirPath = "";
			projectRoot = "";
			targets = (
				4A64C22D257E5FE400C4C5F5 /* BaseProject */,
			);
		};
/* End PBXProject section */

/* Begin PBXResourcesBuildPhase section */
		4A64C22C257E5FE400C4C5F5 /* Resources */ = {
			isa = PBXResourcesBuildPhase;
			buildActionMask = 2147483647;
			files = (
				4A7CCE94259228C900324B41 /* menu_2@2x.png in Resources */,
				4A64C241257E5FE800C4C5F5 /* LaunchScreen.storyboard in Resources */,
				FCEA08A5265BDA0E000E238D /* load.gif in Resources */,
				4A64C23E257E5FE800C4C5F5 /* Assets.xcassets in Resources */,
				4A7CCE97259228C900324B41 /* menu_0@2x.png in Resources */,
				4A95B5982658FEBC00B7C001 /* gdicon.svg in Resources */,
				4A7CCE96259228C900324B41 /* menu_2@3x.png in Resources */,
				4A9848EC26624949004B4C56 /* svg1.svg in Resources */,
				4AE77FF726330619008810E5 /* index.html in Resources */,
				4A7CCE99259228C900324B41 /* menu_1@3x.png in Resources */,
				4A7CCE9B259228C900324B41 /* menu_0_sel@2x.png in Resources */,
				4A7CCE9C259228C900324B41 /* menu_2_sel@3x.png in Resources */,
				4A7CCE98259228C900324B41 /* menu_1_sel@2x.png in Resources */,
				4A7CCE92259228C900324B41 /* menu_1_sel@3x.png in Resources */,
				4A64C23C257E5FE400C4C5F5 /* Main.storyboard in Resources */,
				4A7CCE95259228C900324B41 /* menu_1@2x.png in Resources */,
				4A7CCE9A259228C900324B41 /* menu_2_sel@2x.png in Resources */,
				FC5BD6AA2638445D000DF0B6 /* UserContent.js in Resources */,
				4A7CCE93259228C900324B41 /* menu_0_sel@3x.png in Resources */,
				4A7CCE91259228C900324B41 /* menu_0@3x.png in Resources */,
			);
			runOnlyForDeploymentPostprocessing = 0;
		};
/* End PBXResourcesBuildPhase section */

/* Begin PBXShellScriptBuildPhase section */
		AD4C32D39E920E2B35B8E4AA /* [CP] Check Pods Manifest.lock */ = {
			isa = PBXShellScriptBuildPhase;
			buildActionMask = 2147483647;
			files = (
			);
			inputFileListPaths = (
			);
			inputPaths = (
				"${PODS_PODFILE_DIR_PATH}/Podfile.lock",
				"${PODS_ROOT}/Manifest.lock",
			);
			name = "[CP] Check Pods Manifest.lock";
			outputFileListPaths = (
			);
			outputPaths = (
				"$(DERIVED_FILE_DIR)/Pods-BaseProject-checkManifestLockResult.txt",
			);
			runOnlyForDeploymentPostprocessing = 0;
			shellPath = /bin/sh;
			shellScript = "diff \"${PODS_PODFILE_DIR_PATH}/Podfile.lock\" \"${PODS_ROOT}/Manifest.lock\" > /dev/null\nif [ $? != 0 ] ; then\n    # print error to STDERR\n    echo \"error: The sandbox is not in sync with the Podfile.lock. Run 'pod install' or update your CocoaPods installation.\" >&2\n    exit 1\nfi\n# This output is used by Xcode 'outputs' to avoid re-running this script phase.\necho \"SUCCESS\" > \"${SCRIPT_OUTPUT_FILE_0}\"\n";
			showEnvVarsInLog = 0;
		};
/* End PBXShellScriptBuildPhase section */

/* Begin PBXSourcesBuildPhase section */
		4A64C22A257E5FE400C4C5F5 /* Sources */ = {
			isa = PBXSourcesBuildPhase;
			buildActionMask = 2147483647;
			files = (
				4AC3768C25FF376500026C69 /* DLKWebViewVC.m in Sources */,
				4A98CC252610A3440047EB7F /* BlockVC.m in Sources */,
				4AE5FA65267AEDB100361F71 /* TimerVC+invarcatFunction.m in Sources */,
				4A9D4F6A2652130F00F9A944 /* Carsh.m in Sources */,
				FCF4AFAC265D42830077B328 /* KVOModel.m in Sources */,
				4A294DAB262E7F420038B11B /* TwoVC.m in Sources */,
				4A64C239257E5FE400C4C5F5 /* ViewController.m in Sources */,
				4A7F3068261EDB9C0055D9DE /* TableRunLoopCell.m in Sources */,
				4AF53EAB26709ACD00FACA28 /* SplitViewController.m in Sources */,
				4AE2C5C625BE5815003ED184 /* TransitionAnimate.m in Sources */,
				4AE5F9D026799D2100361F71 /* ProtocolVC.m in Sources */,
				4AF53EB62670A09C00FACA28 /* MasterVC.m in Sources */,
				4AF53EC42670BA4E00FACA28 /* NSTimer+HeapLeak.m in Sources */,
				4A480AA82657885F003E13AF /* MoreAlertVC.m in Sources */,
				4AEFF723260D7ED8005771D0 /* ProjectResourceViewModel.m in Sources */,
				4AF53E7A266F575800FACA28 /* ProxyStatus.m in Sources */,
				4A98CC2A2610B8E70047EB7F /* BlockMode.m in Sources */,
				4A9848E82662250A004B4C56 /* LoadSVGVC.m in Sources */,
				4A54BCD325C3E8C4000BA17B /* ForbidCatchScreenVC.m in Sources */,
				FCEA089E265BD79B000E238D /* TableStanceVC.m in Sources */,
				4AF53EBA2670A0B400FACA28 /* DetailVC.m in Sources */,
				4A9848D32660C4F9004B4C56 /* UIFont+AutormaticFont.m in Sources */,
				4AD6C1C225E3DFEC0048A9CC /* CalendarsNotifVC.m in Sources */,
				4AC81DC026735D35005A298E /* NSURLSession+Proxy.m in Sources */,
				4AE5FA71267B466E00361F71 /* timerView.m in Sources */,
				4A7CCE812592280D00324B41 /* FrameworkVC.m in Sources */,
				4A9848C1265F3538004B4C56 /* TemplateTableViewVC.m in Sources */,
				4AEFF71A260D7550005771D0 /* ProjectResourceManager.m in Sources */,
				4AE006F225BFA4B5001300EC /* LandscapeLeftVC.m in Sources */,
				FC142D4A25F65A8D00D8765F /* StringToUnicode.m in Sources */,
				4AC3768625FF09CA00026C69 /* StringChageType.m in Sources */,
				4AD6C1B525E0B8F90048A9CC /* BaseViewController.m in Sources */,
				4A480A9E26565BB3003E13AF /* CompareFloat.m in Sources */,
				4A294DA6262E7F350038B11B /* OneVC.m in Sources */,
				4AEFF71F260D7EA4005771D0 /* ProjectResourceModel.m in Sources */,
				4A941C252625393D007DD0E6 /* RunLoopFunctionVC.m in Sources */,
				4A950ED325BE9D200046CD46 /* PublicMethodManager.m in Sources */,
				FC70CAB22645662D002ED5A8 /* PrivacyPolicyVC.m in Sources */,
				4ADE799C25BAC5A7004F0EBB /* DeviceOrientation.m in Sources */,
				4AD6C1BC25E0DE3B0048A9CC /* ModelLanscapeLeftVC.m in Sources */,
				4A14CC0625CB903F00D29412 /* ModelPresentVC.m in Sources */,
				FCCC4CE6264AB4F900C0C554 /* TwoModel.m in Sources */,
				4AC81DBC26734DFF005A298E /* TimerVC.m in Sources */,
				4A480AAD265789EA003E13AF /* MoreAlertController.m in Sources */,
				4A726CF3266613760024010A /* ScrollViewVC.m in Sources */,
				4A7CCE7D259227E900324B41 /* FunctionVC.m in Sources */,
				4A7CCD11258E2F3E00324B41 /* LaunchVC.m in Sources */,
				4ABD797D266DB2FB00C63EB3 /* BaseNavViewController.m in Sources */,
				FC0D5D75263998EF00509E71 /* RunTimeVC.m in Sources */,
				4AE5FA6D267B39CC00361F71 /* UIView+touch.m in Sources */,
				4AE5F9D52679A65400361F71 /* ProtocolCell.m in Sources */,
				4A7F3063261ED9C40055D9DE /* RunloopVC.m in Sources */,
				FCCC4CE2264AB4BC00C0C554 /* OneModel.m in Sources */,
				FCEA08A2265BD827000E238D /* TableStanceView.m in Sources */,
				4A64C233257E5FE400C4C5F5 /* AppDelegate.m in Sources */,
				4A95B59C265A0C5100B7C001 /* AddChildVC.m in Sources */,
				4AC37703260201F800026C69 /* GCDVC.m in Sources */,
				4A95B5A1265A0E7D00B7C001 /* Child_OneVC.m in Sources */,
				4A7CCE842592282500324B41 /* Performance.m in Sources */,
				4A294DAF262E7F630038B11B /* ThreeVC.m in Sources */,
				FCCC4CDD264AAA7600C0C554 /* UITableView+StabceImage.m in Sources */,
				4AEFF727260D7FC9005771D0 /* ProjectResourceView.m in Sources */,
				4AE5F9B92678458600361F71 /* TimerModel.m in Sources */,
				4A862B4A265A824E003096D6 /* Child_TwoVC.m in Sources */,
				4A64C244257E5FE800C4C5F5 /* main.m in Sources */,
			);
			runOnlyForDeploymentPostprocessing = 0;
		};
/* End PBXSourcesBuildPhase section */

/* Begin PBXVariantGroup section */
		4A64C23A257E5FE400C4C5F5 /* Main.storyboard */ = {
			isa = PBXVariantGroup;
			children = (
				4A64C23B257E5FE400C4C5F5 /* Base */,
			);
			name = Main.storyboard;
			sourceTree = "<group>";
		};
		4A64C23F257E5FE800C4C5F5 /* LaunchScreen.storyboard */ = {
			isa = PBXVariantGroup;
			children = (
				4A64C240257E5FE800C4C5F5 /* Base */,
			);
			name = LaunchScreen.storyboard;
			sourceTree = "<group>";
		};
/* End PBXVariantGroup section */

/* Begin XCBuildConfiguration section */
		4A64C245257E5FE800C4C5F5 /* Debug */ = {
			isa = XCBuildConfiguration;
			buildSettings = {
				ALWAYS_SEARCH_USER_PATHS = NO;
				CLANG_ANALYZER_NONNULL = YES;
				CLANG_ANALYZER_NUMBER_OBJECT_CONVERSION = YES_AGGRESSIVE;
				CLANG_CXX_LANGUAGE_STANDARD = "gnu++14";
				CLANG_CXX_LIBRARY = "libc++";
				CLANG_ENABLE_MODULES = YES;
				CLANG_ENABLE_OBJC_ARC = YES;
				CLANG_ENABLE_OBJC_WEAK = YES;
				CLANG_WARN_BLOCK_CAPTURE_AUTORELEASING = YES;
				CLANG_WARN_BOOL_CONVERSION = YES;
				CLANG_WARN_COMMA = YES;
				CLANG_WARN_CONSTANT_CONVERSION = YES;
				CLANG_WARN_DEPRECATED_OBJC_IMPLEMENTATIONS = YES;
				CLANG_WARN_DIRECT_OBJC_ISA_USAGE = YES_ERROR;
				CLANG_WARN_DOCUMENTATION_COMMENTS = YES;
				CLANG_WARN_EMPTY_BODY = YES;
				CLANG_WARN_ENUM_CONVERSION = YES;
				CLANG_WARN_INFINITE_RECURSION = YES;
				CLANG_WARN_INT_CONVERSION = YES;
				CLANG_WARN_NON_LITERAL_NULL_CONVERSION = YES;
				CLANG_WARN_OBJC_IMPLICIT_RETAIN_SELF = YES;
				CLANG_WARN_OBJC_LITERAL_CONVERSION = YES;
				CLANG_WARN_OBJC_ROOT_CLASS = YES_ERROR;
				CLANG_WARN_RANGE_LOOP_ANALYSIS = YES;
				CLANG_WARN_STRICT_PROTOTYPES = YES;
				CLANG_WARN_SUSPICIOUS_MOVE = YES;
				CLANG_WARN_UNGUARDED_AVAILABILITY = YES_AGGRESSIVE;
				CLANG_WARN_UNREACHABLE_CODE = YES;
				CLANG_WARN__DUPLICATE_METHOD_MATCH = YES;
				COPY_PHASE_STRIP = NO;
				DEBUG_INFORMATION_FORMAT = dwarf;
				ENABLE_STRICT_OBJC_MSGSEND = YES;
				ENABLE_TESTABILITY = YES;
				GCC_C_LANGUAGE_STANDARD = gnu11;
				GCC_DYNAMIC_NO_PIC = NO;
				GCC_NO_COMMON_BLOCKS = YES;
				GCC_OPTIMIZATION_LEVEL = 0;
				GCC_PREPROCESSOR_DEFINITIONS = (
					"DEBUG=1",
					"$(inherited)",
				);
				GCC_WARN_64_TO_32_BIT_CONVERSION = YES;
				GCC_WARN_ABOUT_RETURN_TYPE = YES_ERROR;
				GCC_WARN_UNDECLARED_SELECTOR = YES;
				GCC_WARN_UNINITIALIZED_AUTOS = YES_AGGRESSIVE;
				GCC_WARN_UNUSED_FUNCTION = YES;
				GCC_WARN_UNUSED_VARIABLE = YES;
				IPHONEOS_DEPLOYMENT_TARGET = 13.7;
				MTL_ENABLE_DEBUG_INFO = INCLUDE_SOURCE;
				MTL_FAST_MATH = YES;
				ONLY_ACTIVE_ARCH = YES;
				SDKROOT = iphoneos;
			};
			name = Debug;
		};
		4A64C246257E5FE800C4C5F5 /* Release */ = {
			isa = XCBuildConfiguration;
			buildSettings = {
				ALWAYS_SEARCH_USER_PATHS = NO;
				CLANG_ANALYZER_NONNULL = YES;
				CLANG_ANALYZER_NUMBER_OBJECT_CONVERSION = YES_AGGRESSIVE;
				CLANG_CXX_LANGUAGE_STANDARD = "gnu++14";
				CLANG_CXX_LIBRARY = "libc++";
				CLANG_ENABLE_MODULES = YES;
				CLANG_ENABLE_OBJC_ARC = YES;
				CLANG_ENABLE_OBJC_WEAK = YES;
				CLANG_WARN_BLOCK_CAPTURE_AUTORELEASING = YES;
				CLANG_WARN_BOOL_CONVERSION = YES;
				CLANG_WARN_COMMA = YES;
				CLANG_WARN_CONSTANT_CONVERSION = YES;
				CLANG_WARN_DEPRECATED_OBJC_IMPLEMENTATIONS = YES;
				CLANG_WARN_DIRECT_OBJC_ISA_USAGE = YES_ERROR;
				CLANG_WARN_DOCUMENTATION_COMMENTS = YES;
				CLANG_WARN_EMPTY_BODY = YES;
				CLANG_WARN_ENUM_CONVERSION = YES;
				CLANG_WARN_INFINITE_RECURSION = YES;
				CLANG_WARN_INT_CONVERSION = YES;
				CLANG_WARN_NON_LITERAL_NULL_CONVERSION = YES;
				CLANG_WARN_OBJC_IMPLICIT_RETAIN_SELF = YES;
				CLANG_WARN_OBJC_LITERAL_CONVERSION = YES;
				CLANG_WARN_OBJC_ROOT_CLASS = YES_ERROR;
				CLANG_WARN_RANGE_LOOP_ANALYSIS = YES;
				CLANG_WARN_STRICT_PROTOTYPES = YES;
				CLANG_WARN_SUSPICIOUS_MOVE = YES;
				CLANG_WARN_UNGUARDED_AVAILABILITY = YES_AGGRESSIVE;
				CLANG_WARN_UNREACHABLE_CODE = YES;
				CLANG_WARN__DUPLICATE_METHOD_MATCH = YES;
				COPY_PHASE_STRIP = NO;
				DEBUG_INFORMATION_FORMAT = "dwarf-with-dsym";
				ENABLE_NS_ASSERTIONS = NO;
				ENABLE_STRICT_OBJC_MSGSEND = YES;
				GCC_C_LANGUAGE_STANDARD = gnu11;
				GCC_NO_COMMON_BLOCKS = YES;
				GCC_WARN_64_TO_32_BIT_CONVERSION = YES;
				GCC_WARN_ABOUT_RETURN_TYPE = YES_ERROR;
				GCC_WARN_UNDECLARED_SELECTOR = YES;
				GCC_WARN_UNINITIALIZED_AUTOS = YES_AGGRESSIVE;
				GCC_WARN_UNUSED_FUNCTION = YES;
				GCC_WARN_UNUSED_VARIABLE = YES;
				IPHONEOS_DEPLOYMENT_TARGET = 13.7;
				MTL_ENABLE_DEBUG_INFO = NO;
				MTL_FAST_MATH = YES;
				SDKROOT = iphoneos;
				VALIDATE_PRODUCT = YES;
			};
			name = Release;
		};
		4A64C248257E5FE800C4C5F5 /* Debug */ = {
			isa = XCBuildConfiguration;
			baseConfigurationReference = 72BB7A938EF9E8055E80853B /* Pods-BaseProject.debug.xcconfig */;
			buildSettings = {
				ASSETCATALOG_COMPILER_APPICON_NAME = AppIcon;
				CODE_SIGN_IDENTITY = "Apple Development";
				CODE_SIGN_STYLE = Automatic;
				DEBUG_INFORMATION_FORMAT = "dwarf-with-dsym";
				DEVELOPMENT_TEAM = QKE34TA3JX;
				INFOPLIST_FILE = BaseProject/Info.plist;
				IPHONEOS_DEPLOYMENT_TARGET = 9.0;
				LD_RUNPATH_SEARCH_PATHS = (
					"$(inherited)",
					"@executable_path/Frameworks",
				);
				PRODUCT_BUNDLE_IDENTIFIER = com.dlk.function;
				PRODUCT_NAME = "$(TARGET_NAME)";
				PROVISIONING_PROFILE_SPECIFIER = "";
				TARGETED_DEVICE_FAMILY = 1;
			};
			name = Debug;
		};
		4A64C249257E5FE800C4C5F5 /* Release */ = {
			isa = XCBuildConfiguration;
			baseConfigurationReference = E7243419E16829FB90BBE7C9 /* Pods-BaseProject.release.xcconfig */;
			buildSettings = {
				ASSETCATALOG_COMPILER_APPICON_NAME = AppIcon;
				CODE_SIGN_IDENTITY = "Apple Development";
				CODE_SIGN_STYLE = Automatic;
				DEVELOPMENT_TEAM = QKE34TA3JX;
				INFOPLIST_FILE = BaseProject/Info.plist;
				IPHONEOS_DEPLOYMENT_TARGET = 9.0;
				LD_RUNPATH_SEARCH_PATHS = (
					"$(inherited)",
					"@executable_path/Frameworks",
				);
				PRODUCT_BUNDLE_IDENTIFIER = com.dlk.function;
				PRODUCT_NAME = "$(TARGET_NAME)";
				PROVISIONING_PROFILE_SPECIFIER = "";
				TARGETED_DEVICE_FAMILY = 1;
			};
			name = Release;
		};
/* End XCBuildConfiguration section */

/* Begin XCConfigurationList section */
		4A64C229257E5FE400C4C5F5 /* Build configuration list for PBXProject "BaseProject" */ = {
			isa = XCConfigurationList;
			buildConfigurations = (
				4A64C245257E5FE800C4C5F5 /* Debug */,
				4A64C246257E5FE800C4C5F5 /* Release */,
			);
			defaultConfigurationIsVisible = 0;
			defaultConfigurationName = Release;
		};
		4A64C247257E5FE800C4C5F5 /* Build configuration list for PBXNativeTarget "BaseProject" */ = {
			isa = XCConfigurationList;
			buildConfigurations = (
				4A64C248257E5FE800C4C5F5 /* Debug */,
				4A64C249257E5FE800C4C5F5 /* Release */,
			);
			defaultConfigurationIsVisible = 0;
			defaultConfigurationName = Release;
		};
/* End XCConfigurationList section */
	};
	rootObject = 4A64C226257E5FE400C4C5F5 /* Project object */;
}
